
Microsoft Visual Studio Solution File, Format Version 12.00
# Visual Studio Version 17
VisualStudioVersion = 17.2.32630.192
MinimumVisualStudioVersion = 10.0.40219.1
Project("{FAE04EC0-301F-11D3-BF4B-00C04F79EFBC}") = "Calculator", "Calculator\Calculator.csproj", "{7D3B5BC3-8B37-4461-B802-7D112E5DB4FE}"
EndProject
Global
	GlobalSection(SolutionConfigurationPlatforms) = preSolution
		Debug|Any CPU = Debug|Any CPU
		Release|Any CPU = Release|Any CPU
	EndGlobalSection
	GlobalSection(ProjectConfigurationPlatforms) = postSolution
		{7D3B5BC3-8B37-4461-B802-7D112E5DB4FE}.Debug|Any CPU.ActiveCfg = Debug|Any CPU
		{7D3B5BC3-8B37-4461-B802-7D112E5DB4FE}.Debug|Any CPU.Build.0 = Debug|Any CPU
		{7D3B5BC3-8B37-4461-B802-7D112E5DB4FE}.Release|Any CPU.ActiveCfg = Release|Any CPU
		{7D3B5BC3-8B37-4461-B802-7D112E5DB4FE}.Release|Any CPU.Build.0 = Release|Any CPU
	EndGlobalSection
	GlobalSection(SolutionProperties) = preSolution
		HideSolutionNode = FALSE
	EndGlobalSection
	GlobalSection(ExtensibilityGlobals) = postSolution
		SolutionGuid = {B4FA0842-4BB3-46B8-BA76-20B9D621F2B8}
	EndGlobalSection
EndGlobal
